
Microsoft Visual Studio Solution File, Format Version 12.00
Project("{F2A71F9B-5D33-465A-A702-920D77279786}") = "HelpingHands", "HelpingHands\HelpingHands.fsproj", "{92B13E50-5B09-4EEA-B0CB-0A6EB3C38B67}"
EndProject
Project("{F2A71F9B-5D33-465A-A702-920D77279786}") = "HelpingHands.Tests", "HelpingHands.Tests\HelpingHands.Tests.fsproj", "{6B380430-8C86-4552-AE61-F721F4D02CD1}"
EndProject
Global
	GlobalSection(SolutionConfigurationPlatforms) = preSolution
		Debug|Any CPU = Debug|Any CPU
		Release|Any CPU = Release|Any CPU
	EndGlobalSection
	GlobalSection(ProjectConfigurationPlatforms) = postSolution
		{92B13E50-5B09-4EEA-B0CB-0A6EB3C38B67}.Debug|Any CPU.ActiveCfg = Debug|Any CPU
		{92B13E50-5B09-4EEA-B0CB-0A6EB3C38B67}.Debug|Any CPU.Build.0 = Debug|Any CPU
		{92B13E50-5B09-4EEA-B0CB-0A6EB3C38B67}.Release|Any CPU.ActiveCfg = Release|Any CPU
		{92B13E50-5B09-4EEA-B0CB-0A6EB3C38B67}.Release|Any CPU.Build.0 = Release|Any CPU
		{6B380430-8C86-4552-AE61-F721F4D02CD1}.Debug|Any CPU.ActiveCfg = Debug|Any CPU
		{6B380430-8C86-4552-AE61-F721F4D02CD1}.Debug|Any CPU.Build.0 = Debug|Any CPU
		{6B380430-8C86-4552-AE61-F721F4D02CD1}.Release|Any CPU.ActiveCfg = Release|Any CPU
		{6B380430-8C86-4552-AE61-F721F4D02CD1}.Release|Any CPU.Build.0 = Release|Any CPU
	EndGlobalSection
EndGlobal
